{
  "version": 4,
  "terraform_version": "1.14.1",
  "serial": 433,
  "lineage": "bb11893f-6b0a-c933-1bac-5443b4f675f3",
  "outputs": {},
  "resources": [
    {
      "mode": "data",
      "type": "vault_kv_secret_v2",
      "name": "snowflake",
      "provider": "provider[\"registry.terraform.io/hashicorp/vault\"]",
      "instances": [
        {
          "schema_version": 0,
          "attributes": {
            "created_time": "2026-02-20T06:24:29.444089005Z",
            "custom_metadata": null,
            "data": {
              "account_name": "sc01920",
              "database": "OLIST_DATA",
              "organization_name": "apanhea",
              "password": "Sim@Rash20262026",
              "role": "ACCOUNTADMIN",
              "schema": "RAW",
              "user": "DBTSFACCOUNT",
              "warehouse": "COMPUTE_WH"
            },
            "data_json": "{\"account_name\":\"sc01920\",\"database\":\"OLIST_DATA\",\"organization_name\":\"apanhea\",\"password\":\"Sim@Rash20262026\",\"role\":\"ACCOUNTADMIN\",\"schema\":\"RAW\",\"user\":\"DBTSFACCOUNT\",\"warehouse\":\"COMPUTE_WH\"}",
            "deletion_time": "",
            "destroyed": false,
            "id": "snowflake-secrets/data/snowflake-secrets",
            "mount": "snowflake-secrets",
            "name": "snowflake-secrets",
            "namespace": null,
            "path": "snowflake-secrets/data/snowflake-secrets",
            "version": 9
          },
          "sensitive_attributes": [
            [
              {
                "type": "get_attr",
                "value": "data"
              }
            ],
            [
              {
                "type": "get_attr",
                "value": "data_json"
              }
            ]
          ],
          "identity_schema_version": 0
        }
      ]
    },
    {
      "mode": "managed",
      "type": "snowflake_database",
      "name": "example_db",
      "provider": "provider[\"registry.terraform.io/snowflake-labs/snowflake\"]",
      "instances": [
        {
          "schema_version": 1,
          "attributes": {
            "catalog": "",
            "comment": "",
            "data_retention_time_in_days": 1,
            "default_ddl_collation": "",
            "drop_public_schema_on_creation": null,
            "enable_console_output": false,
            "external_volume": "",
            "fully_qualified_name": "\"EXAMPLE_DB\"",
            "id": "EXAMPLE_DB",
            "is_transient": false,
            "log_level": "OFF",
            "max_data_extension_time_in_days": 14,
            "name": "EXAMPLE_DB",
            "quoted_identifiers_ignore_case": false,
            "replace_invalid_characters": false,
            "replication": [],
            "storage_serialization_policy": "OPTIMIZED",
            "suspend_task_after_num_failures": 10,
            "task_auto_retry_attempts": 0,
            "trace_level": "OFF",
            "user_task_managed_initial_warehouse_size": "Medium",
            "user_task_minimum_trigger_interval_in_seconds": 30,
            "user_task_timeout_ms": 3600000
          },
          "sensitive_attributes": [],
          "identity_schema_version": 0,
          "private": "eyJzY2hlbWFfdmVyc2lvbiI6IjEifQ==",
          "dependencies": [
            "data.vault_kv_secret_v2.snowflake"
          ]
        }
      ]
    }
  ],
  "check_results": null
}
