{
  "version": 4,
  "terraform_version": "1.14.1",
  "serial": 391,
  "lineage": "bb11893f-6b0a-c933-1bac-5443b4f675f3",
  "outputs": {},
  "resources": [
    {
      "mode": "data",
      "type": "vault_kv_secret_v2",
      "name": "snowflake",
      "provider": "provider[\"registry.terraform.io/hashicorp/vault\"]",
      "instances": [
        {
          "schema_version": 0,
          "attributes": {
            "created_time": "2025-12-29T09:14:44.555380226Z",
            "custom_metadata": null,
            "data": {
              "account": "HOBPIEA-UP85162",
              "account_name": "UP85162",
              "database": "AIRFLOW_DB",
              "organization": "HOBPIEA",
              "password": "GodisGreat1234",
              "role": "ACCOUNTADMIN",
              "schema": "STAGE",
              "user": "simairflowacc",
              "warehouse": "COMPUTE_WH"
            },
            "data_json": "{\"account\":\"HOBPIEA-UP85162\",\"account_name\":\"UP85162\",\"database\":\"AIRFLOW_DB\",\"organization\":\"HOBPIEA\",\"password\":\"GodisGreat1234\",\"role\":\"ACCOUNTADMIN\",\"schema\":\"STAGE\",\"user\":\"simairflowacc\",\"warehouse\":\"COMPUTE_WH\"}",
            "deletion_time": "",
            "destroyed": false,
            "id": "secret/data/snowflake",
            "mount": "secret",
            "name": "snowflake",
            "namespace": null,
            "path": "secret/data/snowflake",
            "version": 2
          },
          "sensitive_attributes": [
            [
              {
                "type": "get_attr",
                "value": "data"
              }
            ],
            [
              {
                "type": "get_attr",
                "value": "data_json"
              }
            ]
          ],
          "identity_schema_version": 0
        }
      ]
    },
    {
      "mode": "managed",
      "type": "snowflake_database",
      "name": "example_db",
      "provider": "provider[\"registry.terraform.io/snowflake-labs/snowflake\"]",
      "instances": [
        {
          "schema_version": 1,
          "attributes": {
            "catalog": "",
            "comment": "",
            "data_retention_time_in_days": 1,
            "default_ddl_collation": "",
            "drop_public_schema_on_creation": null,
            "enable_console_output": false,
            "external_volume": "",
            "fully_qualified_name": "\"EXAMPLE_DB\"",
            "id": "EXAMPLE_DB",
            "is_transient": false,
            "log_level": "OFF",
            "max_data_extension_time_in_days": 14,
            "name": "EXAMPLE_DB",
            "quoted_identifiers_ignore_case": false,
            "replace_invalid_characters": false,
            "replication": [],
            "storage_serialization_policy": "OPTIMIZED",
            "suspend_task_after_num_failures": 10,
            "task_auto_retry_attempts": 0,
            "trace_level": "OFF",
            "user_task_managed_initial_warehouse_size": "Medium",
            "user_task_minimum_trigger_interval_in_seconds": 30,
            "user_task_timeout_ms": 3600000
          },
          "sensitive_attributes": [],
          "identity_schema_version": 0,
          "private": "eyJzY2hlbWFfdmVyc2lvbiI6IjEifQ==",
          "dependencies": [
            "data.vault_kv_secret_v2.snowflake"
          ]
        }
      ]
    },
    {
      "mode": "managed",
      "type": "snowflake_table",
      "name": "customer",
      "provider": "provider[\"registry.terraform.io/snowflake-labs/snowflake\"]",
      "instances": [
        {
          "schema_version": 0,
          "attributes": {
            "change_tracking": false,
            "cluster_by": null,
            "column": [
              {
                "collate": "",
                "comment": "",
                "default": [],
                "identity": [],
                "masking_policy": "",
                "name": "C_CUSTKEY",
                "nullable": true,
                "schema_evolution_record": "",
                "type": "NUMBER(38,0)"
              },
              {
                "collate": "",
                "comment": "",
                "default": [],
                "identity": [],
                "masking_policy": "",
                "name": "C_NAME",
                "nullable": true,
                "schema_evolution_record": "",
                "type": "VARCHAR(25)"
              },
              {
                "collate": "",
                "comment": "",
                "default": [],
                "identity": [],
                "masking_policy": "",
                "name": "C_ADDRESS",
                "nullable": true,
                "schema_evolution_record": "",
                "type": "VARCHAR(40)"
              },
              {
                "collate": "",
                "comment": "",
                "default": [],
                "identity": [],
                "masking_policy": "",
                "name": "C_NATIONKEY",
                "nullable": true,
                "schema_evolution_record": "",
                "type": "NUMBER(38,0)"
              },
              {
                "collate": "",
                "comment": "",
                "default": [],
                "identity": [],
                "masking_policy": "",
                "name": "C_PHONE",
                "nullable": true,
                "schema_evolution_record": "",
                "type": "VARCHAR(15)"
              },
              {
                "collate": "",
                "comment": "",
                "default": [],
                "identity": [],
                "masking_policy": "",
                "name": "C_ACCTBAL",
                "nullable": true,
                "schema_evolution_record": "",
                "type": "NUMBER(12,2)"
              },
              {
                "collate": "",
                "comment": "",
                "default": [],
                "identity": [],
                "masking_policy": "",
                "name": "C_MKTSEGMENT",
                "nullable": true,
                "schema_evolution_record": "",
                "type": "VARCHAR(10)"
              },
              {
                "collate": "",
                "comment": "",
                "default": [],
                "identity": [],
                "masking_policy": "",
                "name": "C_COMMENT",
                "nullable": true,
                "schema_evolution_record": "",
                "type": "VARCHAR(117)"
              },
              {
                "collate": "",
                "comment": "",
                "default": [],
                "identity": [],
                "masking_policy": "",
                "name": "DAG_ID",
                "nullable": true,
                "schema_evolution_record": "",
                "type": "VARCHAR(25)"
              },
              {
                "collate": "",
                "comment": "",
                "default": [],
                "identity": [],
                "masking_policy": "",
                "name": "LOAD_TIME",
                "nullable": true,
                "schema_evolution_record": "",
                "type": "TIMESTAMP_NTZ(9)"
              }
            ],
            "comment": "",
            "data_retention_time_in_days": -1,
            "database": "AIRFLOW_DB",
            "fully_qualified_name": "\"AIRFLOW_DB\".\"STAGE\".\"CUSTOMER\"",
            "id": "AIRFLOW_DB|STAGE|CUSTOMER",
            "name": "CUSTOMER",
            "owner": "ACCOUNTADMIN",
            "primary_key": [],
            "schema": "STAGE",
            "tag": []
          },
          "sensitive_attributes": [],
          "identity_schema_version": 0,
          "private": "bnVsbA==",
          "dependencies": [
            "data.vault_kv_secret_v2.snowflake"
          ]
        }
      ]
    },
    {
      "mode": "managed",
      "type": "snowflake_table",
      "name": "nation",
      "provider": "provider[\"registry.terraform.io/snowflake-labs/snowflake\"]",
      "instances": [
        {
          "schema_version": 0,
          "attributes": {
            "change_tracking": false,
            "cluster_by": [],
            "column": [
              {
                "collate": "",
                "comment": "",
                "default": [],
                "identity": [],
                "masking_policy": "",
                "name": "N_NATIONKEY",
                "nullable": true,
                "schema_evolution_record": "",
                "type": "VARCHAR(16777216)"
              },
              {
                "collate": "",
                "comment": "",
                "default": [],
                "identity": [],
                "masking_policy": "",
                "name": "N_NAME",
                "nullable": true,
                "schema_evolution_record": "",
                "type": "VARCHAR(16777216)"
              },
              {
                "collate": "",
                "comment": "",
                "default": [],
                "identity": [],
                "masking_policy": "",
                "name": "N_REGIONKEY",
                "nullable": true,
                "schema_evolution_record": "",
                "type": "VARCHAR(16777216)"
              },
              {
                "collate": "",
                "comment": "",
                "default": [],
                "identity": [],
                "masking_policy": "",
                "name": "N_COMMENT",
                "nullable": true,
                "schema_evolution_record": "",
                "type": "VARCHAR(16777216)"
              },
              {
                "collate": "",
                "comment": "",
                "default": [],
                "identity": [],
                "masking_policy": "",
                "name": "DAG_ID",
                "nullable": true,
                "schema_evolution_record": "",
                "type": "VARCHAR(16777216)"
              },
              {
                "collate": "",
                "comment": "",
                "default": [],
                "identity": [],
                "masking_policy": "",
                "name": "LOAD_TIME",
                "nullable": true,
                "schema_evolution_record": "",
                "type": "VARCHAR(16777216)"
              }
            ],
            "comment": "",
            "data_retention_time_in_days": -1,
            "database": "AIRFLOW_DB",
            "fully_qualified_name": "\"AIRFLOW_DB\".\"STAGE\".\"NATION\"",
            "id": "AIRFLOW_DB|STAGE|NATION",
            "name": "NATION",
            "owner": "ACCOUNTADMIN",
            "primary_key": [],
            "schema": "STAGE",
            "tag": []
          },
          "sensitive_attributes": [],
          "identity_schema_version": 0,
          "private": "bnVsbA==",
          "dependencies": [
            "data.vault_kv_secret_v2.snowflake"
          ]
        }
      ]
    },
    {
      "mode": "managed",
      "type": "snowflake_table",
      "name": "orders",
      "provider": "provider[\"registry.terraform.io/snowflake-labs/snowflake\"]",
      "instances": [
        {
          "schema_version": 0,
          "attributes": {
            "change_tracking": false,
            "cluster_by": null,
            "column": [
              {
                "collate": "",
                "comment": "",
                "default": [],
                "identity": [],
                "masking_policy": "",
                "name": "O_ORDERKEY",
                "nullable": true,
                "schema_evolution_record": "",
                "type": "NUMBER(38,0)"
              },
              {
                "collate": "",
                "comment": "",
                "default": [],
                "identity": [],
                "masking_policy": "",
                "name": "O_CUSTKEY",
                "nullable": true,
                "schema_evolution_record": "",
                "type": "NUMBER(38,0)"
              },
              {
                "collate": "",
                "comment": "",
                "default": [],
                "identity": [],
                "masking_policy": "",
                "name": "O_ORDERSTATUS",
                "nullable": true,
                "schema_evolution_record": "",
                "type": "VARCHAR(1)"
              },
              {
                "collate": "",
                "comment": "",
                "default": [],
                "identity": [],
                "masking_policy": "",
                "name": "O_TOTALPRICE",
                "nullable": true,
                "schema_evolution_record": "",
                "type": "NUMBER(12,2)"
              },
              {
                "collate": "",
                "comment": "",
                "default": [],
                "identity": [],
                "masking_policy": "",
                "name": "O_ORDERDATE",
                "nullable": true,
                "schema_evolution_record": "",
                "type": "DATE"
              },
              {
                "collate": "",
                "comment": "",
                "default": [],
                "identity": [],
                "masking_policy": "",
                "name": "O_ORDERPRIORITY",
                "nullable": true,
                "schema_evolution_record": "",
                "type": "VARCHAR(15)"
              },
              {
                "collate": "",
                "comment": "",
                "default": [],
                "identity": [],
                "masking_policy": "",
                "name": "O_CLERK",
                "nullable": true,
                "schema_evolution_record": "",
                "type": "VARCHAR(15)"
              },
              {
                "collate": "",
                "comment": "",
                "default": [],
                "identity": [],
                "masking_policy": "",
                "name": "O_SHIPPRIORITY",
                "nullable": true,
                "schema_evolution_record": "",
                "type": "NUMBER(38,0)"
              },
              {
                "collate": "",
                "comment": "",
                "default": [],
                "identity": [],
                "masking_policy": "",
                "name": "O_COMMENT",
                "nullable": true,
                "schema_evolution_record": "",
                "type": "VARCHAR(79)"
              },
              {
                "collate": "",
                "comment": "",
                "default": [],
                "identity": [],
                "masking_policy": "",
                "name": "DAG_ID",
                "nullable": true,
                "schema_evolution_record": "",
                "type": "VARCHAR(25)"
              },
              {
                "collate": "",
                "comment": "",
                "default": [],
                "identity": [],
                "masking_policy": "",
                "name": "LOAD_TIME",
                "nullable": true,
                "schema_evolution_record": "",
                "type": "TIMESTAMP_NTZ(9)"
              }
            ],
            "comment": "",
            "data_retention_time_in_days": -1,
            "database": "AIRFLOW_DB",
            "fully_qualified_name": "\"AIRFLOW_DB\".\"STAGE\".\"ORDERS\"",
            "id": "AIRFLOW_DB|STAGE|ORDERS",
            "name": "ORDERS",
            "owner": "ACCOUNTADMIN",
            "primary_key": [],
            "schema": "STAGE",
            "tag": []
          },
          "sensitive_attributes": [],
          "identity_schema_version": 0,
          "private": "bnVsbA==",
          "dependencies": [
            "data.vault_kv_secret_v2.snowflake"
          ]
        }
      ]
    },
    {
      "mode": "managed",
      "type": "snowflake_table",
      "name": "part",
      "provider": "provider[\"registry.terraform.io/snowflake-labs/snowflake\"]",
      "instances": [
        {
          "schema_version": 0,
          "attributes": {
            "change_tracking": false,
            "cluster_by": null,
            "column": [
              {
                "collate": "",
                "comment": "",
                "default": [],
                "identity": [],
                "masking_policy": "",
                "name": "P_PARTKEY",
                "nullable": true,
                "schema_evolution_record": "",
                "type": "NUMBER(38,0)"
              },
              {
                "collate": "",
                "comment": "",
                "default": [],
                "identity": [],
                "masking_policy": "",
                "name": "P_NAME",
                "nullable": true,
                "schema_evolution_record": "",
                "type": "VARCHAR(55)"
              },
              {
                "collate": "",
                "comment": "",
                "default": [],
                "identity": [],
                "masking_policy": "",
                "name": "P_MFGR",
                "nullable": true,
                "schema_evolution_record": "",
                "type": "VARCHAR(25)"
              },
              {
                "collate": "",
                "comment": "",
                "default": [],
                "identity": [],
                "masking_policy": "",
                "name": "P_BRAND",
                "nullable": true,
                "schema_evolution_record": "",
                "type": "VARCHAR(10)"
              },
              {
                "collate": "",
                "comment": "",
                "default": [],
                "identity": [],
                "masking_policy": "",
                "name": "P_TYPE",
                "nullable": true,
                "schema_evolution_record": "",
                "type": "VARCHAR(25)"
              },
              {
                "collate": "",
                "comment": "",
                "default": [],
                "identity": [],
                "masking_policy": "",
                "name": "P_SIZE",
                "nullable": true,
                "schema_evolution_record": "",
                "type": "NUMBER(38,0)"
              },
              {
                "collate": "",
                "comment": "",
                "default": [],
                "identity": [],
                "masking_policy": "",
                "name": "P_CONTAINER",
                "nullable": true,
                "schema_evolution_record": "",
                "type": "VARCHAR(10)"
              },
              {
                "collate": "",
                "comment": "",
                "default": [],
                "identity": [],
                "masking_policy": "",
                "name": "P_RETAILPRICE",
                "nullable": true,
                "schema_evolution_record": "",
                "type": "NUMBER(12,2)"
              },
              {
                "collate": "",
                "comment": "",
                "default": [],
                "identity": [],
                "masking_policy": "",
                "name": "P_COMMENT",
                "nullable": true,
                "schema_evolution_record": "",
                "type": "VARCHAR(23)"
              },
              {
                "collate": "",
                "comment": "",
                "default": [],
                "identity": [],
                "masking_policy": "",
                "name": "DAG_ID",
                "nullable": true,
                "schema_evolution_record": "",
                "type": "VARCHAR(25)"
              },
              {
                "collate": "",
                "comment": "",
                "default": [],
                "identity": [],
                "masking_policy": "",
                "name": "LOAD_TIME",
                "nullable": true,
                "schema_evolution_record": "",
                "type": "TIMESTAMP_NTZ(9)"
              }
            ],
            "comment": "",
            "data_retention_time_in_days": -1,
            "database": "AIRFLOW_DB",
            "fully_qualified_name": "\"AIRFLOW_DB\".\"STAGE\".\"PART\"",
            "id": "AIRFLOW_DB|STAGE|PART",
            "name": "PART",
            "owner": "ACCOUNTADMIN",
            "primary_key": [],
            "schema": "STAGE",
            "tag": []
          },
          "sensitive_attributes": [],
          "identity_schema_version": 0,
          "private": "bnVsbA==",
          "dependencies": [
            "data.vault_kv_secret_v2.snowflake"
          ]
        }
      ]
    },
    {
      "mode": "managed",
      "type": "snowflake_table",
      "name": "region",
      "provider": "provider[\"registry.terraform.io/snowflake-labs/snowflake\"]",
      "instances": [
        {
          "schema_version": 0,
          "attributes": {
            "change_tracking": false,
            "cluster_by": null,
            "column": [
              {
                "collate": "",
                "comment": "",
                "default": [],
                "identity": [],
                "masking_policy": "",
                "name": "R_REGIONKEY",
                "nullable": true,
                "schema_evolution_record": "",
                "type": "NUMBER(38,0)"
              },
              {
                "collate": "",
                "comment": "",
                "default": [],
                "identity": [],
                "masking_policy": "",
                "name": "R_NAME",
                "nullable": true,
                "schema_evolution_record": "",
                "type": "VARCHAR(25)"
              },
              {
                "collate": "",
                "comment": "",
                "default": [],
                "identity": [],
                "masking_policy": "",
                "name": "R_COMMENT",
                "nullable": true,
                "schema_evolution_record": "",
                "type": "VARCHAR(152)"
              },
              {
                "collate": "",
                "comment": "",
                "default": [],
                "identity": [],
                "masking_policy": "",
                "name": "DAG_ID",
                "nullable": true,
                "schema_evolution_record": "",
                "type": "VARCHAR(25)"
              },
              {
                "collate": "",
                "comment": "",
                "default": [],
                "identity": [],
                "masking_policy": "",
                "name": "LOAD_TIME",
                "nullable": true,
                "schema_evolution_record": "",
                "type": "TIMESTAMP_NTZ(9)"
              }
            ],
            "comment": "",
            "data_retention_time_in_days": -1,
            "database": "AIRFLOW_DB",
            "fully_qualified_name": "\"AIRFLOW_DB\".\"STAGE\".\"REGION\"",
            "id": "AIRFLOW_DB|STAGE|REGION",
            "name": "REGION",
            "owner": "ACCOUNTADMIN",
            "primary_key": [],
            "schema": "STAGE",
            "tag": []
          },
          "sensitive_attributes": [],
          "identity_schema_version": 0,
          "private": "bnVsbA==",
          "dependencies": [
            "data.vault_kv_secret_v2.snowflake"
          ]
        }
      ]
    },
    {
      "mode": "managed",
      "type": "snowflake_table",
      "name": "supplier",
      "provider": "provider[\"registry.terraform.io/snowflake-labs/snowflake\"]",
      "instances": [
        {
          "schema_version": 0,
          "attributes": {
            "change_tracking": false,
            "cluster_by": null,
            "column": [
              {
                "collate": "",
                "comment": "",
                "default": [],
                "identity": [],
                "masking_policy": "",
                "name": "S_SUPPKEY",
                "nullable": true,
                "schema_evolution_record": "",
                "type": "NUMBER(38,0)"
              },
              {
                "collate": "",
                "comment": "",
                "default": [],
                "identity": [],
                "masking_policy": "",
                "name": "S_NAME",
                "nullable": true,
                "schema_evolution_record": "",
                "type": "VARCHAR(25)"
              },
              {
                "collate": "",
                "comment": "",
                "default": [],
                "identity": [],
                "masking_policy": "",
                "name": "S_ADDRESS",
                "nullable": true,
                "schema_evolution_record": "",
                "type": "VARCHAR(40)"
              },
              {
                "collate": "",
                "comment": "",
                "default": [],
                "identity": [],
                "masking_policy": "",
                "name": "S_NATIONKEY",
                "nullable": true,
                "schema_evolution_record": "",
                "type": "NUMBER(38,0)"
              },
              {
                "collate": "",
                "comment": "",
                "default": [],
                "identity": [],
                "masking_policy": "",
                "name": "S_PHONE",
                "nullable": true,
                "schema_evolution_record": "",
                "type": "VARCHAR(15)"
              },
              {
                "collate": "",
                "comment": "",
                "default": [],
                "identity": [],
                "masking_policy": "",
                "name": "S_ACCTBAL",
                "nullable": true,
                "schema_evolution_record": "",
                "type": "NUMBER(12,2)"
              },
              {
                "collate": "",
                "comment": "",
                "default": [],
                "identity": [],
                "masking_policy": "",
                "name": "S_COMMENT",
                "nullable": true,
                "schema_evolution_record": "",
                "type": "VARCHAR(101)"
              },
              {
                "collate": "",
                "comment": "",
                "default": [],
                "identity": [],
                "masking_policy": "",
                "name": "DAG_ID",
                "nullable": true,
                "schema_evolution_record": "",
                "type": "VARCHAR(25)"
              },
              {
                "collate": "",
                "comment": "",
                "default": [],
                "identity": [],
                "masking_policy": "",
                "name": "LOAD_TIME",
                "nullable": true,
                "schema_evolution_record": "",
                "type": "TIMESTAMP_NTZ(9)"
              }
            ],
            "comment": "",
            "data_retention_time_in_days": -1,
            "database": "AIRFLOW_DB",
            "fully_qualified_name": "\"AIRFLOW_DB\".\"STAGE\".\"SUPPLIER\"",
            "id": "AIRFLOW_DB|STAGE|SUPPLIER",
            "name": "SUPPLIER",
            "owner": "ACCOUNTADMIN",
            "primary_key": [],
            "schema": "STAGE",
            "tag": []
          },
          "sensitive_attributes": [],
          "identity_schema_version": 0,
          "private": "bnVsbA==",
          "dependencies": [
            "data.vault_kv_secret_v2.snowflake"
          ]
        }
      ]
    }
  ],
  "check_results": null
}
